
Microsoft Visual Studio Solution File, Format Version 12.00
# Visual Studio Version 16
VisualStudioVersion = 16.0.28922.388
MinimumVisualStudioVersion = 10.0.40219.1
Project("{9A19103F-16F7-4668-BE54-9A1E7A4F7556}") = "Console", "ConsoleWithUnitTests\Console.csproj", "{BB94BC36-C759-4079-8562-266945A2820D}"
EndProject
Project("{9A19103F-16F7-4668-BE54-9A1E7A4F7556}") = "CodingProblemsTests", "XUnitTestProject1\CodingProblemsTests.csproj", "{3D97D9A1-D3A4-4698-97C0-7E525834A41A}"
EndProject
Project("{9A19103F-16F7-4668-BE54-9A1E7A4F7556}") = "CodingProblems", "LogicToTest\CodingProblems.csproj", "{D9088518-D655-4197-89BA-C4B36369C637}"
EndProject
Global
	GlobalSection(SolutionConfigurationPlatforms) = preSolution
		Debug|Any CPU = Debug|Any CPU
		Release|Any CPU = Release|Any CPU
	EndGlobalSection
	GlobalSection(ProjectConfigurationPlatforms) = postSolution
		{BB94BC36-C759-4079-8562-266945A2820D}.Debug|Any CPU.ActiveCfg = Debug|Any CPU
		{BB94BC36-C759-4079-8562-266945A2820D}.Debug|Any CPU.Build.0 = Debug|Any CPU
		{BB94BC36-C759-4079-8562-266945A2820D}.Release|Any CPU.ActiveCfg = Release|Any CPU
		{BB94BC36-C759-4079-8562-266945A2820D}.Release|Any CPU.Build.0 = Release|Any CPU
		{3D97D9A1-D3A4-4698-97C0-7E525834A41A}.Debug|Any CPU.ActiveCfg = Debug|Any CPU
		{3D97D9A1-D3A4-4698-97C0-7E525834A41A}.Debug|Any CPU.Build.0 = Debug|Any CPU
		{3D97D9A1-D3A4-4698-97C0-7E525834A41A}.Release|Any CPU.ActiveCfg = Release|Any CPU
		{3D97D9A1-D3A4-4698-97C0-7E525834A41A}.Release|Any CPU.Build.0 = Release|Any CPU
		{D9088518-D655-4197-89BA-C4B36369C637}.Debug|Any CPU.ActiveCfg = Debug|Any CPU
		{D9088518-D655-4197-89BA-C4B36369C637}.Debug|Any CPU.Build.0 = Debug|Any CPU
		{D9088518-D655-4197-89BA-C4B36369C637}.Release|Any CPU.ActiveCfg = Release|Any CPU
		{D9088518-D655-4197-89BA-C4B36369C637}.Release|Any CPU.Build.0 = Release|Any CPU
	EndGlobalSection
	GlobalSection(SolutionProperties) = preSolution
		HideSolutionNode = FALSE
	EndGlobalSection
	GlobalSection(ExtensibilityGlobals) = postSolution
		SolutionGuid = {87F75B60-CAF2-4454-967A-0EDE4F1DD47B}
	EndGlobalSection
EndGlobal
