
Microsoft Visual Studio Solution File, Format Version 12.00
# Visual Studio Version 16
VisualStudioVersion = 16.0.28922.388
MinimumVisualStudioVersion = 10.0.40219.1
Project("{9A19103F-16F7-4668-BE54-9A1E7A4F7556}") = "CodingProblems", "CodingProblems\CodingProblems.csproj", "{52FB6B57-BB0B-437C-9727-AF9234A2FB2B}"
EndProject
Project("{9A19103F-16F7-4668-BE54-9A1E7A4F7556}") = "CodingProblemsTests", "CodingProblemsTests\CodingProblemsTests.csproj", "{D4380EBF-39F9-451F-A883-6D5A02F103F7}"
EndProject
Global
	GlobalSection(SolutionConfigurationPlatforms) = preSolution
		Debug|Any CPU = Debug|Any CPU
		Release|Any CPU = Release|Any CPU
	EndGlobalSection
	GlobalSection(ProjectConfigurationPlatforms) = postSolution
		{52FB6B57-BB0B-437C-9727-AF9234A2FB2B}.Debug|Any CPU.ActiveCfg = Debug|Any CPU
		{52FB6B57-BB0B-437C-9727-AF9234A2FB2B}.Debug|Any CPU.Build.0 = Debug|Any CPU
		{52FB6B57-BB0B-437C-9727-AF9234A2FB2B}.Release|Any CPU.ActiveCfg = Release|Any CPU
		{52FB6B57-BB0B-437C-9727-AF9234A2FB2B}.Release|Any CPU.Build.0 = Release|Any CPU
		{D4380EBF-39F9-451F-A883-6D5A02F103F7}.Debug|Any CPU.ActiveCfg = Debug|Any CPU
		{D4380EBF-39F9-451F-A883-6D5A02F103F7}.Debug|Any CPU.Build.0 = Debug|Any CPU
		{D4380EBF-39F9-451F-A883-6D5A02F103F7}.Release|Any CPU.ActiveCfg = Release|Any CPU
		{D4380EBF-39F9-451F-A883-6D5A02F103F7}.Release|Any CPU.Build.0 = Release|Any CPU
	EndGlobalSection
	GlobalSection(SolutionProperties) = preSolution
		HideSolutionNode = FALSE
	EndGlobalSection
	GlobalSection(ExtensibilityGlobals) = postSolution
		SolutionGuid = {87F75B60-CAF2-4454-967A-0EDE4F1DD47B}
	EndGlobalSection
EndGlobal
